{
  "version": "4",
  "remote": {
    "https://raw.githubusercontent.com/yurkimus/curry/main/source/index.js": "b34edaeecae372b74c6451e630a28bf8b5531c2024d797e45860c9c519cbbefc",
    "https://raw.githubusercontent.com/yurkimus/types/main/source/index.js": "55d9d59e538e7c73a6558e4657281517bb26bdcfcea2fc05a4db5228243cedcf"
  },
  "workspace": {
    "packageJson": {
      "dependencies": [
        "npm:@yurkimus/curry@*",
        "npm:@yurkimus/types@*"
      ]
    }
  }
}
