{
  "name": "@yurkimus/functions",
  "version": "0.0.16",
  "lockfileVersion": 3,
  "requires": true,
  "packages": {
    "": {
      "name": "@yurkimus/functions",
      "version": "0.0.16",
      "dependencies": {
        "@yurkimus/curry": "npm:@yurkimus/curry",
        "@yurkimus/types": "npm:@yurkimus/types"
      }
    },
    "node_modules/@yurkimus/curry": {
      "version": "0.0.6",
      "resolved": "https://registry.npmjs.org/@yurkimus/curry/-/curry-0.0.6.tgz",
      "integrity": "sha512-eZxX/+PgBy/EKlh0GqhiG0LvBlsQNNP4j3XpP0vsdCg98ydeRRSec2XeQYrwQyFJbH20xM8vZw283q6fmEkz9w==",
      "dependencies": {
        "@yurkimus/types": "npm:@yurkimus/types"
      }
    },
    "node_modules/@yurkimus/types": {
      "version": "0.2.0",
      "resolved": "https://registry.npmjs.org/@yurkimus/types/-/types-0.2.0.tgz",
      "integrity": "sha512-U1/Lr4gZ07YtquU6n34DfpbVXyl+PyTeqZxlmbfezTgM27RdocRNiwF/Iol0l+PACis9LpXK5phNoRhSTZaFbw=="
    }
  }
}
