{
  "name": "@yurkimus/functions",
  "version": "0.1.1",
  "lockfileVersion": 3,
  "requires": true,
  "packages": {
    "": {
      "name": "@yurkimus/functions",
      "version": "0.1.1",
      "dependencies": {
        "@yurkimus/types": "github:yurkimus/types"
      }
    },
    "node_modules/@yurkimus/types": {
      "version": "0.2.8",
      "resolved": "git+ssh://git@github.com/yurkimus/types.git#7c0baf00ecc4c63730b00e65bf9ed6b11d807cf2"
    }
  }
}
