{
  "name": "@yurkimus/functions",
  "version": "0.0.0",
  "lockfileVersion": 3,
  "requires": true,
  "packages": {
    "": {
      "name": "@yurkimus/functions",
      "version": "0.0.0",
      "dependencies": {
        "@yurkimus/curry": "@yurkimus/curry@0.0.4",
        "@yurkimus/types": "@yurkimus/types@0.0.11"
      }
    },
    "@yurkimus/curry@0.0.4": {},
    "@yurkimus/types@0.0.11": {},
    "node_modules/@yurkimus/curry": {
      "resolved": "@yurkimus/curry@0.0.4",
      "link": true
    },
    "node_modules/@yurkimus/types": {
      "resolved": "@yurkimus/types@0.0.11",
      "link": true
    }
  }
}
